
Microsoft Visual Studio Solution File, Format Version 12.00
# Visual Studio Version 17
VisualStudioVersion = 17.6.33829.357
MinimumVisualStudioVersion = 10.0.40219.1
Project("{9A19103F-16F7-4668-BE54-9A1E7A4F7556}") = "DAL", "DAL\DAL.csproj", "{C436EAAF-3288-4480-9A6D-CF1AE405E23F}"
EndProject
Project("{2150E333-8FDC-42A3-9474-1A3956D46DE8}") = "Solution Items", "Solution Items", "{06EF1629-ECDD-46C9-A52A-D7CE8A43CE09}"
	ProjectSection(SolutionItems) = preProject
		.editorconfig = .editorconfig
	EndProjectSection
EndProject
Project("{9A19103F-16F7-4668-BE54-9A1E7A4F7556}") = "WinForms", "WinForms\WinForms.csproj", "{9870B976-2D66-4062-88D7-62ED4DA873BA}"
	ProjectSection(ProjectDependencies) = postProject
		{C436EAAF-3288-4480-9A6D-CF1AE405E23F} = {C436EAAF-3288-4480-9A6D-CF1AE405E23F}
	EndProjectSection
EndProject
Project("{FAE04EC0-301F-11D3-BF4B-00C04F79EFBC}") = "WPF", "WPF\WPF.csproj", "{C410480A-CA48-42DC-BD6E-A7B4DA2FD78C}"
	ProjectSection(ProjectDependencies) = postProject
		{9870B976-2D66-4062-88D7-62ED4DA873BA} = {9870B976-2D66-4062-88D7-62ED4DA873BA}
		{C436EAAF-3288-4480-9A6D-CF1AE405E23F} = {C436EAAF-3288-4480-9A6D-CF1AE405E23F}
	EndProjectSection
EndProject
Global
	GlobalSection(SolutionConfigurationPlatforms) = preSolution
		Debug|Any CPU = Debug|Any CPU
		Release|Any CPU = Release|Any CPU
	EndGlobalSection
	GlobalSection(ProjectConfigurationPlatforms) = postSolution
		{C436EAAF-3288-4480-9A6D-CF1AE405E23F}.Debug|Any CPU.ActiveCfg = Debug|Any CPU
		{C436EAAF-3288-4480-9A6D-CF1AE405E23F}.Debug|Any CPU.Build.0 = Debug|Any CPU
		{C436EAAF-3288-4480-9A6D-CF1AE405E23F}.Release|Any CPU.ActiveCfg = Release|Any CPU
		{C436EAAF-3288-4480-9A6D-CF1AE405E23F}.Release|Any CPU.Build.0 = Release|Any CPU
		{9870B976-2D66-4062-88D7-62ED4DA873BA}.Debug|Any CPU.ActiveCfg = Debug|Any CPU
		{9870B976-2D66-4062-88D7-62ED4DA873BA}.Debug|Any CPU.Build.0 = Debug|Any CPU
		{9870B976-2D66-4062-88D7-62ED4DA873BA}.Release|Any CPU.ActiveCfg = Release|Any CPU
		{9870B976-2D66-4062-88D7-62ED4DA873BA}.Release|Any CPU.Build.0 = Release|Any CPU
		{C410480A-CA48-42DC-BD6E-A7B4DA2FD78C}.Debug|Any CPU.ActiveCfg = Debug|Any CPU
		{C410480A-CA48-42DC-BD6E-A7B4DA2FD78C}.Debug|Any CPU.Build.0 = Debug|Any CPU
		{C410480A-CA48-42DC-BD6E-A7B4DA2FD78C}.Release|Any CPU.ActiveCfg = Release|Any CPU
		{C410480A-CA48-42DC-BD6E-A7B4DA2FD78C}.Release|Any CPU.Build.0 = Release|Any CPU
	EndGlobalSection
	GlobalSection(SolutionProperties) = preSolution
		HideSolutionNode = FALSE
	EndGlobalSection
	GlobalSection(ExtensibilityGlobals) = postSolution
		SolutionGuid = {1C46DB79-DB14-41AB-8486-7802E1A37959}
	EndGlobalSection
EndGlobal
